// !$*UTF8*$!
{
	archiveVersion = 1;
	classes = {
	};
	objectVersion = 46;
	objects = {

/* Begin PBXBuildFile section */
		3CB1A5411ADA28D400325F14 /* InitialViewController.swift in Sources */ = {isa = PBXBuildFile; fileRef = 3CB1A5401ADA28D400325F14 /* InitialViewController.swift */; };
		3CB89B381AD9E2C500FA7B51 /* PurposeViewController.swift in Sources */ = {isa = PBXBuildFile; fileRef = 3CB89B371AD9E2C500FA7B51 /* PurposeViewController.swift */; };
		3CB89B3A1AD9FB6700FA7B51 /* FinalViewController.swift in Sources */ = {isa = PBXBuildFile; fileRef = 3CB89B391AD9FB6700FA7B51 /* FinalViewController.swift */; };
		3CB89B3E1ADA184900FA7B51 /* SuitcaseTableViewController.swift in Sources */ = {isa = PBXBuildFile; fileRef = 3CB89B3D1ADA184900FA7B51 /* SuitcaseTableViewController.swift */; };
		3CB89B401ADA187600FA7B51 /* HandbagTableViewController.swift in Sources */ = {isa = PBXBuildFile; fileRef = 3CB89B3F1ADA187600FA7B51 /* HandbagTableViewController.swift */; };
		45D61A2E1AD9052300A6E0C9 /* AppDelegate.swift in Sources */ = {isa = PBXBuildFile; fileRef = 45D61A2D1AD9052300A6E0C9 /* AppDelegate.swift */; };
		45D61A301AD9052300A6E0C9 /* YourJourneyViewController.swift in Sources */ = {isa = PBXBuildFile; fileRef = 45D61A2F1AD9052300A6E0C9 /* YourJourneyViewController.swift */; };
		45D61A321AD9052300A6E0C9 /* YourSuitcaseViewController.swift in Sources */ = {isa = PBXBuildFile; fileRef = 45D61A311AD9052300A6E0C9 /* YourSuitcaseViewController.swift */; };
		45D61A351AD9052300A6E0C9 /* Main.storyboard in Resources */ = {isa = PBXBuildFile; fileRef = 45D61A331AD9052300A6E0C9 /* Main.storyboard */; };
		45D61A371AD9052300A6E0C9 /* Images.xcassets in Resources */ = {isa = PBXBuildFile; fileRef = 45D61A361AD9052300A6E0C9 /* Images.xcassets */; };
		45D61A3A1AD9052300A6E0C9 /* LaunchScreen.xib in Resources */ = {isa = PBXBuildFile; fileRef = 45D61A381AD9052300A6E0C9 /* LaunchScreen.xib */; };
		45D61A461AD9052300A6E0C9 /* TravelMaaTests.swift in Sources */ = {isa = PBXBuildFile; fileRef = 45D61A451AD9052300A6E0C9 /* TravelMaaTests.swift */; };
/* End PBXBuildFile section */

/* Begin PBXContainerItemProxy section */
		45D61A401AD9052300A6E0C9 /* PBXContainerItemProxy */ = {
			isa = PBXContainerItemProxy;
			containerPortal = 45D61A201AD9052200A6E0C9 /* Project object */;
			proxyType = 1;
			remoteGlobalIDString = 45D61A271AD9052200A6E0C9;
			remoteInfo = TravelMaa;
		};
/* End PBXContainerItemProxy section */

/* Begin PBXFileReference section */
		3CB1A5401ADA28D400325F14 /* InitialViewController.swift */ = {isa = PBXFileReference; fileEncoding = 4; lastKnownFileType = sourcecode.swift; path = InitialViewController.swift; sourceTree = "<group>"; };
		3CB89B371AD9E2C500FA7B51 /* PurposeViewController.swift */ = {isa = PBXFileReference; fileEncoding = 4; lastKnownFileType = sourcecode.swift; path = PurposeViewController.swift; sourceTree = "<group>"; };
		3CB89B391AD9FB6700FA7B51 /* FinalViewController.swift */ = {isa = PBXFileReference; fileEncoding = 4; lastKnownFileType = sourcecode.swift; path = FinalViewController.swift; sourceTree = "<group>"; };
		3CB89B3D1ADA184900FA7B51 /* SuitcaseTableViewController.swift */ = {isa = PBXFileReference; fileEncoding = 4; lastKnownFileType = sourcecode.swift; path = SuitcaseTableViewController.swift; sourceTree = "<group>"; };
		3CB89B3F1ADA187600FA7B51 /* HandbagTableViewController.swift */ = {isa = PBXFileReference; fileEncoding = 4; lastKnownFileType = sourcecode.swift; path = HandbagTableViewController.swift; sourceTree = "<group>"; };
		45D61A281AD9052200A6E0C9 /* TravelMaa.app */ = {isa = PBXFileReference; explicitFileType = wrapper.application; includeInIndex = 0; path = TravelMaa.app; sourceTree = BUILT_PRODUCTS_DIR; };
		45D61A2C1AD9052300A6E0C9 /* Info.plist */ = {isa = PBXFileReference; lastKnownFileType = text.plist.xml; path = Info.plist; sourceTree = "<group>"; };
		45D61A2D1AD9052300A6E0C9 /* AppDelegate.swift */ = {isa = PBXFileReference; lastKnownFileType = sourcecode.swift; path = AppDelegate.swift; sourceTree = "<group>"; };
		45D61A2F1AD9052300A6E0C9 /* YourJourneyViewController.swift */ = {isa = PBXFileReference; lastKnownFileType = sourcecode.swift; path = YourJourneyViewController.swift; sourceTree = "<group>"; };
		45D61A311AD9052300A6E0C9 /* YourSuitcaseViewController.swift */ = {isa = PBXFileReference; lastKnownFileType = sourcecode.swift; path = YourSuitcaseViewController.swift; sourceTree = "<group>"; };
		45D61A341AD9052300A6E0C9 /* Base */ = {isa = PBXFileReference; lastKnownFileType = file.storyboard; name = Base; path = Base.lproj/Main.storyboard; sourceTree = "<group>"; };
		45D61A361AD9052300A6E0C9 /* Images.xcassets */ = {isa = PBXFileReference; lastKnownFileType = folder.assetcatalog; path = Images.xcassets; sourceTree = "<group>"; };
		45D61A391AD9052300A6E0C9 /* Base */ = {isa = PBXFileReference; lastKnownFileType = file.xib; name = Base; path = Base.lproj/LaunchScreen.xib; sourceTree = "<group>"; };
		45D61A3F1AD9052300A6E0C9 /* TravelMaaTests.xctest */ = {isa = PBXFileReference; explicitFileType = wrapper.cfbundle; includeInIndex = 0; path = TravelMaaTests.xctest; sourceTree = BUILT_PRODUCTS_DIR; };
		45D61A441AD9052300A6E0C9 /* Info.plist */ = {isa = PBXFileReference; lastKnownFileType = text.plist.xml; path = Info.plist; sourceTree = "<group>"; };
		45D61A451AD9052300A6E0C9 /* TravelMaaTests.swift */ = {isa = PBXFileReference; lastKnownFileType = sourcecode.swift; path = TravelMaaTests.swift; sourceTree = "<group>"; };
/* End PBXFileReference section */

/* Begin PBXFrameworksBuildPhase section */
		45D61A251AD9052200A6E0C9 /* Frameworks */ = {
			isa = PBXFrameworksBuildPhase;
			buildActionMask = 2147483647;
			files = (
			);
			runOnlyForDeploymentPostprocessing = 0;
		};
		45D61A3C1AD9052300A6E0C9 /* Frameworks */ = {
			isa = PBXFrameworksBuildPhase;
			buildActionMask = 2147483647;
			files = (
			);
			runOnlyForDeploymentPostprocessing = 0;
		};
/* End PBXFrameworksBuildPhase section */

/* Begin PBXGroup section */
		45D61A1F1AD9052200A6E0C9 = {
			isa = PBXGroup;
			children = (
				45D61A2A1AD9052200A6E0C9 /* TravelMaa */,
				45D61A421AD9052300A6E0C9 /* TravelMaaTests */,
				45D61A291AD9052200A6E0C9 /* Products */,
			);
			sourceTree = "<group>";
		};
		45D61A291AD9052200A6E0C9 /* Products */ = {
			isa = PBXGroup;
			children = (
				45D61A281AD9052200A6E0C9 /* TravelMaa.app */,
				45D61A3F1AD9052300A6E0C9 /* TravelMaaTests.xctest */,
			);
			name = Products;
			sourceTree = "<group>";
		};
		45D61A2A1AD9052200A6E0C9 /* TravelMaa */ = {
			isa = PBXGroup;
			children = (
				45D61A2D1AD9052300A6E0C9 /* AppDelegate.swift */,
				45D61A2F1AD9052300A6E0C9 /* YourJourneyViewController.swift */,
				45D61A311AD9052300A6E0C9 /* YourSuitcaseViewController.swift */,
				45D61A331AD9052300A6E0C9 /* Main.storyboard */,
				45D61A361AD9052300A6E0C9 /* Images.xcassets */,
				45D61A381AD9052300A6E0C9 /* LaunchScreen.xib */,
				45D61A2B1AD9052300A6E0C9 /* Supporting Files */,
				3CB89B371AD9E2C500FA7B51 /* PurposeViewController.swift */,
				3CB89B391AD9FB6700FA7B51 /* FinalViewController.swift */,
				3CB89B3D1ADA184900FA7B51 /* SuitcaseTableViewController.swift */,
				3CB89B3F1ADA187600FA7B51 /* HandbagTableViewController.swift */,
				3CB1A5401ADA28D400325F14 /* InitialViewController.swift */,
			);
			path = TravelMaa;
			sourceTree = "<group>";
		};
		45D61A2B1AD9052300A6E0C9 /* Supporting Files */ = {
			isa = PBXGroup;
			children = (
				45D61A2C1AD9052300A6E0C9 /* Info.plist */,
			);
			name = "Supporting Files";
			sourceTree = "<group>";
		};
		45D61A421AD9052300A6E0C9 /* TravelMaaTests */ = {
			isa = PBXGroup;
			children = (
				45D61A451AD9052300A6E0C9 /* TravelMaaTests.swift */,
				45D61A431AD9052300A6E0C9 /* Supporting Files */,
			);
			path = TravelMaaTests;
			sourceTree = "<group>";
		};
		45D61A431AD9052300A6E0C9 /* Supporting Files */ = {
			isa = PBXGroup;
			children = (
				45D61A441AD9052300A6E0C9 /* Info.plist */,
			);
			name = "Supporting Files";
			sourceTree = "<group>";
		};
/* End PBXGroup section */

/* Begin PBXNativeTarget section */
		45D61A271AD9052200A6E0C9 /* TravelMaa */ = {
			isa = PBXNativeTarget;
			buildConfigurationList = 45D61A491AD9052300A6E0C9 /* Build configuration list for PBXNativeTarget "TravelMaa" */;
			buildPhases = (
				45D61A241AD9052200A6E0C9 /* Sources */,
				45D61A251AD9052200A6E0C9 /* Frameworks */,
				45D61A261AD9052200A6E0C9 /* Resources */,
			);
			buildRules = (
			);
			dependencies = (
			);
			name = TravelMaa;
			productName = TravelMaa;
			productReference = 45D61A281AD9052200A6E0C9 /* TravelMaa.app */;
			productType = "com.apple.product-type.application";
		};
		45D61A3E1AD9052300A6E0C9 /* TravelMaaTests */ = {
			isa = PBXNativeTarget;
			buildConfigurationList = 45D61A4C1AD9052300A6E0C9 /* Build configuration list for PBXNativeTarget "TravelMaaTests" */;
			buildPhases = (
				45D61A3B1AD9052300A6E0C9 /* Sources */,
				45D61A3C1AD9052300A6E0C9 /* Frameworks */,
				45D61A3D1AD9052300A6E0C9 /* Resources */,
			);
			buildRules = (
			);
			dependencies = (
				45D61A411AD9052300A6E0C9 /* PBXTargetDependency */,
			);
			name = TravelMaaTests;
			productName = TravelMaaTests;
			productReference = 45D61A3F1AD9052300A6E0C9 /* TravelMaaTests.xctest */;
			productType = "com.apple.product-type.bundle.unit-test";
		};
/* End PBXNativeTarget section */

/* Begin PBXProject section */
		45D61A201AD9052200A6E0C9 /* Project object */ = {
			isa = PBXProject;
			attributes = {
				LastUpgradeCheck = 0610;
				ORGANIZATIONNAME = "Rohit Gurnani";
				TargetAttributes = {
					45D61A271AD9052200A6E0C9 = {
						CreatedOnToolsVersion = 6.1;
						SystemCapabilities = {
							com.apple.BackgroundModes = {
								enabled = 1;
							};
						};
					};
					45D61A3E1AD9052300A6E0C9 = {
						CreatedOnToolsVersion = 6.1;
						TestTargetID = 45D61A271AD9052200A6E0C9;
					};
				};
			};
			buildConfigurationList = 45D61A231AD9052200A6E0C9 /* Build configuration list for PBXProject "TravelMaa" */;
			compatibilityVersion = "Xcode 3.2";
			developmentRegion = English;
			hasScannedForEncodings = 0;
			knownRegions = (
				en,
				Base,
			);
			mainGroup = 45D61A1F1AD9052200A6E0C9;
			productRefGroup = 45D61A291AD9052200A6E0C9 /* Products */;
			projectDirPath = "";
			projectRoot = "";
			targets = (
				45D61A271AD9052200A6E0C9 /* TravelMaa */,
				45D61A3E1AD9052300A6E0C9 /* TravelMaaTests */,
			);
		};
/* End PBXProject section */

/* Begin PBXResourcesBuildPhase section */
		45D61A261AD9052200A6E0C9 /* Resources */ = {
			isa = PBXResourcesBuildPhase;
			buildActionMask = 2147483647;
			files = (
				45D61A351AD9052300A6E0C9 /* Main.storyboard in Resources */,
				45D61A3A1AD9052300A6E0C9 /* LaunchScreen.xib in Resources */,
				45D61A371AD9052300A6E0C9 /* Images.xcassets in Resources */,
			);
			runOnlyForDeploymentPostprocessing = 0;
		};
		45D61A3D1AD9052300A6E0C9 /* Resources */ = {
			isa = PBXResourcesBuildPhase;
			buildActionMask = 2147483647;
			files = (
			);
			runOnlyForDeploymentPostprocessing = 0;
		};
/* End PBXResourcesBuildPhase section */

/* Begin PBXSourcesBuildPhase section */
		45D61A241AD9052200A6E0C9 /* Sources */ = {
			isa = PBXSourcesBuildPhase;
			buildActionMask = 2147483647;
			files = (
				3CB89B3E1ADA184900FA7B51 /* SuitcaseTableViewController.swift in Sources */,
				3CB89B3A1AD9FB6700FA7B51 /* FinalViewController.swift in Sources */,
				45D61A321AD9052300A6E0C9 /* YourSuitcaseViewController.swift in Sources */,
				45D61A2E1AD9052300A6E0C9 /* AppDelegate.swift in Sources */,
				45D61A301AD9052300A6E0C9 /* YourJourneyViewController.swift in Sources */,
				3CB89B401ADA187600FA7B51 /* HandbagTableViewController.swift in Sources */,
				3CB89B381AD9E2C500FA7B51 /* PurposeViewController.swift in Sources */,
				3CB1A5411ADA28D400325F14 /* InitialViewController.swift in Sources */,
			);
			runOnlyForDeploymentPostprocessing = 0;
		};
		45D61A3B1AD9052300A6E0C9 /* Sources */ = {
			isa = PBXSourcesBuildPhase;
			buildActionMask = 2147483647;
			files = (
				45D61A461AD9052300A6E0C9 /* TravelMaaTests.swift in Sources */,
			);
			runOnlyForDeploymentPostprocessing = 0;
		};
/* End PBXSourcesBuildPhase section */

/* Begin PBXTargetDependency section */
		45D61A411AD9052300A6E0C9 /* PBXTargetDependency */ = {
			isa = PBXTargetDependency;
			target = 45D61A271AD9052200A6E0C9 /* TravelMaa */;
			targetProxy = 45D61A401AD9052300A6E0C9 /* PBXContainerItemProxy */;
		};
/* End PBXTargetDependency section */

/* Begin PBXVariantGroup section */
		45D61A331AD9052300A6E0C9 /* Main.storyboard */ = {
			isa = PBXVariantGroup;
			children = (
				45D61A341AD9052300A6E0C9 /* Base */,
			);
			name = Main.storyboard;
			sourceTree = "<group>";
		};
		45D61A381AD9052300A6E0C9 /* LaunchScreen.xib */ = {
			isa = PBXVariantGroup;
			children = (
				45D61A391AD9052300A6E0C9 /* Base */,
			);
			name = LaunchScreen.xib;
			sourceTree = "<group>";
		};
/* End PBXVariantGroup section */

/* Begin XCBuildConfiguration section */
		45D61A471AD9052300A6E0C9 /* Debug */ = {
			isa = XCBuildConfiguration;
			buildSettings = {
				ALWAYS_SEARCH_USER_PATHS = NO;
				CLANG_CXX_LANGUAGE_STANDARD = "gnu++0x";
				CLANG_CXX_LIBRARY = "libc++";
				CLANG_ENABLE_MODULES = YES;
				CLANG_ENABLE_OBJC_ARC = YES;
				CLANG_WARN_BOOL_CONVERSION = YES;
				CLANG_WARN_CONSTANT_CONVERSION = YES;
				CLANG_WARN_DIRECT_OBJC_ISA_USAGE = YES_ERROR;
				CLANG_WARN_EMPTY_BODY = YES;
				CLANG_WARN_ENUM_CONVERSION = YES;
				CLANG_WARN_INT_CONVERSION = YES;
				CLANG_WARN_OBJC_ROOT_CLASS = YES_ERROR;
				CLANG_WARN_UNREACHABLE_CODE = YES;
				CLANG_WARN__DUPLICATE_METHOD_MATCH = YES;
				"CODE_SIGN_IDENTITY[sdk=iphoneos*]" = "iPhone Developer";
				COPY_PHASE_STRIP = NO;
				ENABLE_STRICT_OBJC_MSGSEND = YES;
				GCC_C_LANGUAGE_STANDARD = gnu99;
				GCC_DYNAMIC_NO_PIC = NO;
				GCC_OPTIMIZATION_LEVEL = 0;
				GCC_PREPROCESSOR_DEFINITIONS = (
					"DEBUG=1",
					"$(inherited)",
				);
				GCC_SYMBOLS_PRIVATE_EXTERN = NO;
				GCC_WARN_64_TO_32_BIT_CONVERSION = YES;
				GCC_WARN_ABOUT_RETURN_TYPE = YES_ERROR;
				GCC_WARN_UNDECLARED_SELECTOR = YES;
				GCC_WARN_UNINITIALIZED_AUTOS = YES_AGGRESSIVE;
				GCC_WARN_UNUSED_FUNCTION = YES;
				GCC_WARN_UNUSED_VARIABLE = YES;
				IPHONEOS_DEPLOYMENT_TARGET = 8.1;
				MTL_ENABLE_DEBUG_INFO = YES;
				ONLY_ACTIVE_ARCH = YES;
				SDKROOT = iphoneos;
				SWIFT_OPTIMIZATION_LEVEL = "-Onone";
			};
			name = Debug;
		};
		45D61A481AD9052300A6E0C9 /* Release */ = {
			isa = XCBuildConfiguration;
			buildSettings = {
				ALWAYS_SEARCH_USER_PATHS = NO;
				CLANG_CXX_LANGUAGE_STANDARD = "gnu++0x";
				CLANG_CXX_LIBRARY = "libc++";
				CLANG_ENABLE_MODULES = YES;
				CLANG_ENABLE_OBJC_ARC = YES;
				CLANG_WARN_BOOL_CONVERSION = YES;
				CLANG_WARN_CONSTANT_CONVERSION = YES;
				CLANG_WARN_DIRECT_OBJC_ISA_USAGE = YES_ERROR;
				CLANG_WARN_EMPTY_BODY = YES;
				CLANG_WARN_ENUM_CONVERSION = YES;
				CLANG_WARN_INT_CONVERSION = YES;
				CLANG_WARN_OBJC_ROOT_CLASS = YES_ERROR;
				CLANG_WARN_UNREACHABLE_CODE = YES;
				CLANG_WARN__DUPLICATE_METHOD_MATCH = YES;
				"CODE_SIGN_IDENTITY[sdk=iphoneos*]" = "iPhone Developer";
				COPY_PHASE_STRIP = YES;
				ENABLE_NS_ASSERTIONS = NO;
				ENABLE_STRICT_OBJC_MSGSEND = YES;
				GCC_C_LANGUAGE_STANDARD = gnu99;
				GCC_WARN_64_TO_32_BIT_CONVERSION = YES;
				GCC_WARN_ABOUT_RETURN_TYPE = YES_ERROR;
				GCC_WARN_UNDECLARED_SELECTOR = YES;
				GCC_WARN_UNINITIALIZED_AUTOS = YES_AGGRESSIVE;
				GCC_WARN_UNUSED_FUNCTION = YES;
				GCC_WARN_UNUSED_VARIABLE = YES;
				IPHONEOS_DEPLOYMENT_TARGET = 8.1;
				MTL_ENABLE_DEBUG_INFO = NO;
				SDKROOT = iphoneos;
				VALIDATE_PRODUCT = YES;
			};
			name = Release;
		};
		45D61A4A1AD9052300A6E0C9 /* Debug */ = {
			isa = XCBuildConfiguration;
			buildSettings = {
				ASSETCATALOG_COMPILER_APPICON_NAME = AppIcon;
				INFOPLIST_FILE = TravelMaa/Info.plist;
				LD_RUNPATH_SEARCH_PATHS = "$(inherited) @executable_path/Frameworks";
				PRODUCT_NAME = "$(TARGET_NAME)";
			};
			name = Debug;
		};
		45D61A4B1AD9052300A6E0C9 /* Release */ = {
			isa = XCBuildConfiguration;
			buildSettings = {
				ASSETCATALOG_COMPILER_APPICON_NAME = AppIcon;
				INFOPLIST_FILE = TravelMaa/Info.plist;
				LD_RUNPATH_SEARCH_PATHS = "$(inherited) @executable_path/Frameworks";
				PRODUCT_NAME = "$(TARGET_NAME)";
			};
			name = Release;
		};
		45D61A4D1AD9052300A6E0C9 /* Debug */ = {
			isa = XCBuildConfiguration;
			buildSettings = {
				BUNDLE_LOADER = "$(TEST_HOST)";
				FRAMEWORK_SEARCH_PATHS = (
					"$(SDKROOT)/Developer/Library/Frameworks",
					"$(inherited)",
				);
				GCC_PREPROCESSOR_DEFINITIONS = (
					"DEBUG=1",
					"$(inherited)",
				);
				INFOPLIST_FILE = TravelMaaTests/Info.plist;
				LD_RUNPATH_SEARCH_PATHS = "$(inherited) @executable_path/Frameworks @loader_path/Frameworks";
				PRODUCT_NAME = "$(TARGET_NAME)";
				TEST_HOST = "$(BUILT_PRODUCTS_DIR)/TravelMaa.app/TravelMaa";
			};
			name = Debug;
		};
		45D61A4E1AD9052300A6E0C9 /* Release */ = {
			isa = XCBuildConfiguration;
			buildSettings = {
				BUNDLE_LOADER = "$(TEST_HOST)";
				FRAMEWORK_SEARCH_PATHS = (
					"$(SDKROOT)/Developer/Library/Frameworks",
					"$(inherited)",
				);
				INFOPLIST_FILE = TravelMaaTests/Info.plist;
				LD_RUNPATH_SEARCH_PATHS = "$(inherited) @executable_path/Frameworks @loader_path/Frameworks";
				PRODUCT_NAME = "$(TARGET_NAME)";
				TEST_HOST = "$(BUILT_PRODUCTS_DIR)/TravelMaa.app/TravelMaa";
			};
			name = Release;
		};
/* End XCBuildConfiguration section */

/* Begin XCConfigurationList section */
		45D61A231AD9052200A6E0C9 /* Build configuration list for PBXProject "TravelMaa" */ = {
			isa = XCConfigurationList;
			buildConfigurations = (
				45D61A471AD9052300A6E0C9 /* Debug */,
				45D61A481AD9052300A6E0C9 /* Release */,
			);
			defaultConfigurationIsVisible = 0;
			defaultConfigurationName = Release;
		};
		45D61A491AD9052300A6E0C9 /* Build configuration list for PBXNativeTarget "TravelMaa" */ = {
			isa = XCConfigurationList;
			buildConfigurations = (
				45D61A4A1AD9052300A6E0C9 /* Debug */,
				45D61A4B1AD9052300A6E0C9 /* Release */,
			);
			defaultConfigurationIsVisible = 0;
			defaultConfigurationName = Release;
		};
		45D61A4C1AD9052300A6E0C9 /* Build configuration list for PBXNativeTarget "TravelMaaTests" */ = {
			isa = XCConfigurationList;
			buildConfigurations = (
				45D61A4D1AD9052300A6E0C9 /* Debug */,
				45D61A4E1AD9052300A6E0C9 /* Release */,
			);
			defaultConfigurationIsVisible = 0;
			defaultConfigurationName = Release;
		};
/* End XCConfigurationList section */
	};
	rootObject = 45D61A201AD9052200A6E0C9 /* Project object */;
}
